
Microsoft Visual Studio Solution File, Format Version 12.00
# Visual Studio Version 17
VisualStudioVersion = 17.3.32922.545
MinimumVisualStudioVersion = 10.0.40219.1
Project("{FAE04EC0-301F-11D3-BF4B-00C04F79EFBC}") = "BandsMVC", "BandsMVC\BandsMVC.csproj", "{56C661F5-9520-451A-85F3-E7A3767677BE}"
EndProject
Global
	GlobalSection(SolutionConfigurationPlatforms) = preSolution
		Debug|Any CPU = Debug|Any CPU
		Release|Any CPU = Release|Any CPU
	EndGlobalSection
	GlobalSection(ProjectConfigurationPlatforms) = postSolution
		{56C661F5-9520-451A-85F3-E7A3767677BE}.Debug|Any CPU.ActiveCfg = Debug|Any CPU
		{56C661F5-9520-451A-85F3-E7A3767677BE}.Debug|Any CPU.Build.0 = Debug|Any CPU
		{56C661F5-9520-451A-85F3-E7A3767677BE}.Release|Any CPU.ActiveCfg = Release|Any CPU
		{56C661F5-9520-451A-85F3-E7A3767677BE}.Release|Any CPU.Build.0 = Release|Any CPU
	EndGlobalSection
	GlobalSection(SolutionProperties) = preSolution
		HideSolutionNode = FALSE
	EndGlobalSection
	GlobalSection(ExtensibilityGlobals) = postSolution
		SolutionGuid = {18EDE07A-4A9F-4E54-AE3D-A459B2378968}
	EndGlobalSection
EndGlobal
